
Microsoft Visual Studio Solution File, Format Version 12.00
# Visual Studio Version 17
Project("{8BC9CEB8-8B4A-11D0-8D11-00A0C91BC942}") = "ALL_BUILD", "ALL_BUILD.vcxproj", "{82829E5A-372C-336E-9BEE-9CEC90652D08}"
	ProjectSection(ProjectDependencies) = postProject
		{4857795A-D8C0-3F04-B570-BAB619EB3ABF} = {4857795A-D8C0-3F04-B570-BAB619EB3ABF}
		{F58D7311-5B2C-3051-91B8-E7D99264C612} = {F58D7311-5B2C-3051-91B8-E7D99264C612}
	EndProjectSection
EndProject
Project("{8BC9CEB8-8B4A-11D0-8D11-00A0C91BC942}") = "CodeforceDaily", "CodeforceDaily.vcxproj", "{4857795A-D8C0-3F04-B570-BAB619EB3ABF}"
	ProjectSection(ProjectDependencies) = postProject
		{F58D7311-5B2C-3051-91B8-E7D99264C612} = {F58D7311-5B2C-3051-91B8-E7D99264C612}
		{8EBE704D-7087-3257-9EC7-2F8F149B8CC2} = {8EBE704D-7087-3257-9EC7-2F8F149B8CC2}
		{E26B4EDD-B969-3117-A84F-4295039C1A3F} = {E26B4EDD-B969-3117-A84F-4295039C1A3F}
		{897B8EC0-A688-3BBA-A9EC-82CC3F368D35} = {897B8EC0-A688-3BBA-A9EC-82CC3F368D35}
	EndProjectSection
EndProject
Project("{8BC9CEB8-8B4A-11D0-8D11-00A0C91BC942}") = "INSTALL", "INSTALL.vcxproj", "{22671036-BF20-371E-9DF7-7FCEF6E985CF}"
	ProjectSection(ProjectDependencies) = postProject
		{82829E5A-372C-336E-9BEE-9CEC90652D08} = {82829E5A-372C-336E-9BEE-9CEC90652D08}
		{F58D7311-5B2C-3051-91B8-E7D99264C612} = {F58D7311-5B2C-3051-91B8-E7D99264C612}
	EndProjectSection
EndProject
Project("{8BC9CEB8-8B4A-11D0-8D11-00A0C91BC942}") = "ZERO_CHECK", "..\\ZERO_CHECK.vcxproj", "{F58D7311-5B2C-3051-91B8-E7D99264C612}"
	ProjectSection(ProjectDependencies) = postProject
	EndProjectSection
EndProject
Project("{8BC9CEB8-8B4A-11D0-8D11-00A0C91BC942}") = "flutter_assemble", "..\flutter\flutter_assemble.vcxproj", "{8EBE704D-7087-3257-9EC7-2F8F149B8CC2}"
	ProjectSection(ProjectDependencies) = postProject
		{F58D7311-5B2C-3051-91B8-E7D99264C612} = {F58D7311-5B2C-3051-91B8-E7D99264C612}
	EndProjectSection
EndProject
Project("{8BC9CEB8-8B4A-11D0-8D11-00A0C91BC942}") = "flutter_wrapper_app", "..\flutter\flutter_wrapper_app.vcxproj", "{E26B4EDD-B969-3117-A84F-4295039C1A3F}"
	ProjectSection(ProjectDependencies) = postProject
		{F58D7311-5B2C-3051-91B8-E7D99264C612} = {F58D7311-5B2C-3051-91B8-E7D99264C612}
		{8EBE704D-7087-3257-9EC7-2F8F149B8CC2} = {8EBE704D-7087-3257-9EC7-2F8F149B8CC2}
	EndProjectSection
EndProject
Project("{8BC9CEB8-8B4A-11D0-8D11-00A0C91BC942}") = "flutter_wrapper_plugin", "..\flutter\flutter_wrapper_plugin.vcxproj", "{AE15B5A2-45CA-3588-BDD8-307F236DBEE1}"
	ProjectSection(ProjectDependencies) = postProject
		{F58D7311-5B2C-3051-91B8-E7D99264C612} = {F58D7311-5B2C-3051-91B8-E7D99264C612}
		{8EBE704D-7087-3257-9EC7-2F8F149B8CC2} = {8EBE704D-7087-3257-9EC7-2F8F149B8CC2}
	EndProjectSection
EndProject
Project("{8BC9CEB8-8B4A-11D0-8D11-00A0C91BC942}") = "url_launcher_windows_plugin", "..\plugins\url_launcher_windows\url_launcher_windows_plugin.vcxproj", "{897B8EC0-A688-3BBA-A9EC-82CC3F368D35}"
	ProjectSection(ProjectDependencies) = postProject
		{F58D7311-5B2C-3051-91B8-E7D99264C612} = {F58D7311-5B2C-3051-91B8-E7D99264C612}
		{8EBE704D-7087-3257-9EC7-2F8F149B8CC2} = {8EBE704D-7087-3257-9EC7-2F8F149B8CC2}
		{AE15B5A2-45CA-3588-BDD8-307F236DBEE1} = {AE15B5A2-45CA-3588-BDD8-307F236DBEE1}
	EndProjectSection
EndProject
Global
	GlobalSection(SolutionConfigurationPlatforms) = preSolution
		Debug|x64 = Debug|x64
		Profile|x64 = Profile|x64
		Release|x64 = Release|x64
	EndGlobalSection
	GlobalSection(ProjectConfigurationPlatforms) = postSolution
		{82829E5A-372C-336E-9BEE-9CEC90652D08}.Debug|x64.ActiveCfg = Debug|x64
		{82829E5A-372C-336E-9BEE-9CEC90652D08}.Debug|x64.Build.0 = Debug|x64
		{82829E5A-372C-336E-9BEE-9CEC90652D08}.Profile|x64.ActiveCfg = Profile|x64
		{82829E5A-372C-336E-9BEE-9CEC90652D08}.Profile|x64.Build.0 = Profile|x64
		{82829E5A-372C-336E-9BEE-9CEC90652D08}.Release|x64.ActiveCfg = Release|x64
		{82829E5A-372C-336E-9BEE-9CEC90652D08}.Release|x64.Build.0 = Release|x64
		{4857795A-D8C0-3F04-B570-BAB619EB3ABF}.Debug|x64.ActiveCfg = Debug|x64
		{4857795A-D8C0-3F04-B570-BAB619EB3ABF}.Debug|x64.Build.0 = Debug|x64
		{4857795A-D8C0-3F04-B570-BAB619EB3ABF}.Profile|x64.ActiveCfg = Profile|x64
		{4857795A-D8C0-3F04-B570-BAB619EB3ABF}.Profile|x64.Build.0 = Profile|x64
		{4857795A-D8C0-3F04-B570-BAB619EB3ABF}.Release|x64.ActiveCfg = Release|x64
		{4857795A-D8C0-3F04-B570-BAB619EB3ABF}.Release|x64.Build.0 = Release|x64
		{22671036-BF20-371E-9DF7-7FCEF6E985CF}.Debug|x64.ActiveCfg = Debug|x64
		{22671036-BF20-371E-9DF7-7FCEF6E985CF}.Profile|x64.ActiveCfg = Profile|x64
		{22671036-BF20-371E-9DF7-7FCEF6E985CF}.Release|x64.ActiveCfg = Release|x64
		{F58D7311-5B2C-3051-91B8-E7D99264C612}.Debug|x64.ActiveCfg = Debug|x64
		{F58D7311-5B2C-3051-91B8-E7D99264C612}.Debug|x64.Build.0 = Debug|x64
		{F58D7311-5B2C-3051-91B8-E7D99264C612}.Profile|x64.ActiveCfg = Profile|x64
		{F58D7311-5B2C-3051-91B8-E7D99264C612}.Profile|x64.Build.0 = Profile|x64
		{F58D7311-5B2C-3051-91B8-E7D99264C612}.Release|x64.ActiveCfg = Release|x64
		{F58D7311-5B2C-3051-91B8-E7D99264C612}.Release|x64.Build.0 = Release|x64
		{8EBE704D-7087-3257-9EC7-2F8F149B8CC2}.Debug|x64.ActiveCfg = Debug|x64
		{8EBE704D-7087-3257-9EC7-2F8F149B8CC2}.Debug|x64.Build.0 = Debug|x64
		{8EBE704D-7087-3257-9EC7-2F8F149B8CC2}.Profile|x64.ActiveCfg = Profile|x64
		{8EBE704D-7087-3257-9EC7-2F8F149B8CC2}.Profile|x64.Build.0 = Profile|x64
		{8EBE704D-7087-3257-9EC7-2F8F149B8CC2}.Release|x64.ActiveCfg = Release|x64
		{8EBE704D-7087-3257-9EC7-2F8F149B8CC2}.Release|x64.Build.0 = Release|x64
		{E26B4EDD-B969-3117-A84F-4295039C1A3F}.Debug|x64.ActiveCfg = Debug|x64
		{E26B4EDD-B969-3117-A84F-4295039C1A3F}.Debug|x64.Build.0 = Debug|x64
		{E26B4EDD-B969-3117-A84F-4295039C1A3F}.Profile|x64.ActiveCfg = Profile|x64
		{E26B4EDD-B969-3117-A84F-4295039C1A3F}.Profile|x64.Build.0 = Profile|x64
		{E26B4EDD-B969-3117-A84F-4295039C1A3F}.Release|x64.ActiveCfg = Release|x64
		{E26B4EDD-B969-3117-A84F-4295039C1A3F}.Release|x64.Build.0 = Release|x64
		{AE15B5A2-45CA-3588-BDD8-307F236DBEE1}.Debug|x64.ActiveCfg = Debug|x64
		{AE15B5A2-45CA-3588-BDD8-307F236DBEE1}.Debug|x64.Build.0 = Debug|x64
		{AE15B5A2-45CA-3588-BDD8-307F236DBEE1}.Profile|x64.ActiveCfg = Profile|x64
		{AE15B5A2-45CA-3588-BDD8-307F236DBEE1}.Profile|x64.Build.0 = Profile|x64
		{AE15B5A2-45CA-3588-BDD8-307F236DBEE1}.Release|x64.ActiveCfg = Release|x64
		{AE15B5A2-45CA-3588-BDD8-307F236DBEE1}.Release|x64.Build.0 = Release|x64
		{897B8EC0-A688-3BBA-A9EC-82CC3F368D35}.Debug|x64.ActiveCfg = Debug|x64
		{897B8EC0-A688-3BBA-A9EC-82CC3F368D35}.Debug|x64.Build.0 = Debug|x64
		{897B8EC0-A688-3BBA-A9EC-82CC3F368D35}.Profile|x64.ActiveCfg = Profile|x64
		{897B8EC0-A688-3BBA-A9EC-82CC3F368D35}.Profile|x64.Build.0 = Profile|x64
		{897B8EC0-A688-3BBA-A9EC-82CC3F368D35}.Release|x64.ActiveCfg = Release|x64
		{897B8EC0-A688-3BBA-A9EC-82CC3F368D35}.Release|x64.Build.0 = Release|x64
	EndGlobalSection
	GlobalSection(ExtensibilityGlobals) = postSolution
		SolutionGuid = {0572919D-0D92-3410-8244-6FA5BD935D29}
	EndGlobalSection
	GlobalSection(ExtensibilityAddIns) = postSolution
	EndGlobalSection
EndGlobal
