<?xml version="1.0" encoding="utf-8"?>
<Project ToolsVersion="17.0" xmlns="http://schemas.microsoft.com/developer/msbuild/2003">
  <ItemGroup>
    <CustomBuild Include="C:\Users\aaron\Desktop\DailyCodeforce\app\build\windows\CMakeFiles\9a619e5228e3bd93cd4a0be7fe1b821f\INSTALL_force.rule">
      <Filter>CMake Rules</Filter>
    </CustomBuild>
  </ItemGroup>
  <ItemGroup>
    <Filter Include="CMake Rules">
      <UniqueIdentifier>{6233D203-7EED-3C55-BD45-1AE86D6660AA}</UniqueIdentifier>
    </Filter>
  </ItemGroup>
</Project>
